<?xml version="1.0" encoding="utf-8"?>
<Project ToolsVersion="4.0" xmlns="http://schemas.microsoft.com/developer/msbuild/2003">
  <ItemGroup>
    <Filter Include="Исходные файлы">
      <UniqueIdentifier>{4FC737F1-C7A5-4376-A066-2A32D752A2FF}</UniqueIdentifier>
      <Extensions>cpp;c;cc;cxx;c++;cppm;ixx;def;odl;idl;hpj;bat;asm;asmx</Extensions>
    </Filter>
    <Filter Include="Файлы заголовков">
      <UniqueIdentifier>{93995380-89BD-4b04-88EB-625FBE52EBFB}</UniqueIdentifier>
      <Extensions>h;hh;hpp;hxx;h++;hm;inl;inc;ipp;xsd</Extensions>
    </Filter>
    <Filter Include="Файлы ресурсов">
      <UniqueIdentifier>{67DA6AB6-F800-4c08-8B7A-83BB121AAD01}</UniqueIdentifier>
      <Extensions>rc;ico;cur;bmp;dlg;rc2;rct;bin;rgs;gif;jpg;jpeg;jpe;resx;tiff;tif;png;wav;mfcribbon-ms</Extensions>
    </Filter>
  </ItemGroup>
  <ItemGroup>
    <ClCompile Include="Main.c">
      <Filter>Исходные файлы</Filter>
    </ClCompile>
    <ClCompile Include="BubbleSort\BubbleSort.c">
      <Filter>Исходные файлы</Filter>
    </ClCompile>
    <ClCompile Include="SelectionSort\SelectionSort.c">
      <Filter>Исходные файлы</Filter>
    </ClCompile>
    <ClCompile Include="Utility\Utility.c">
      <Filter>Исходные файлы</Filter>
    </ClCompile>
    <ClCompile Include="InsertionSort\InsertionSort.c">
      <Filter>Исходные файлы</Filter>
    </ClCompile>
    <ClCompile Include="MergeSort\MergeSort.c">
      <Filter>Исходные файлы</Filter>
    </ClCompile>
    <ClCompile Include="QuickSort\QuickSort.c">
      <Filter>Исходные файлы</Filter>
    </ClCompile>
    <ClCompile Include="CountingSort\CountingSort.c">
      <Filter>Исходные файлы</Filter>
    </ClCompile>
    <ClCompile Include="RadixSort\RadixSort.c">
      <Filter>Исходные файлы</Filter>
    </ClCompile>
    <ClCompile Include="HeapSort\HeapSort.c">
      <Filter>Исходные файлы</Filter>
    </ClCompile>
    <ClCompile Include="ShellSort\ShellSort.c">
      <Filter>Исходные файлы</Filter>
    </ClCompile>
    <ClCompile Include="LinearSearch\LinearSearch.c">
      <Filter>Исходные файлы</Filter>
    </ClCompile>
    <ClCompile Include="BinarySearch\BinarySearch.c">
      <Filter>Исходные файлы</Filter>
    </ClCompile>
    <ClCompile Include="InterpolationSearch\InterpolationSearch.c">
      <Filter>Исходные файлы</Filter>
    </ClCompile>
    <ClCompile Include="JumpSearch\JumpSearch.c">
      <Filter>Исходные файлы</Filter>
    </ClCompile>
    <ClCompile Include="ExponentialSearch\ExponentialSearch.c">
      <Filter>Исходные файлы</Filter>
    </ClCompile>
    <ClCompile Include="TernarySearch\TernarySearch.c">
      <Filter>Исходные файлы</Filter>
    </ClCompile>
    <ClCompile Include="FibonacciSearch\FibonacciSearch.c">
      <Filter>Исходные файлы</Filter>
    </ClCompile>
    <ClCompile Include="CombSort\CombSort.c">
      <Filter>Исходные файлы</Filter>
    </ClCompile>
    <ClCompile Include="StoogeSort\StoogeSort.c">
      <Filter>Исходные файлы</Filter>
    </ClCompile>
    <ClCompile Include="CocktailSort\CocktailSort.c">
      <Filter>Исходные файлы</Filter>
    </ClCompile>
    <ClCompile Include="PancakeSort\PancakeSort.c">
      <Filter>Исходные файлы</Filter>
    </ClCompile>
    <ClCompile Include="CycleSort\CycleSort.c">
      <Filter>Исходные файлы</Filter>
    </ClCompile>
    <ClCompile Include="PigeonholeSort\PigeonholeSort.c">
      <Filter>Исходные файлы</Filter>
    </ClCompile>
    <ClCompile Include="BitonicSort\BitonicSort.c">
      <Filter>Исходные файлы</Filter>
    </ClCompile>
    <ClCompile Include="ShellMetznerSort\ShellMetznerSort.c">
      <Filter>Исходные файлы</Filter>
    </ClCompile>
    <ClCompile Include="GnomeSort\GnomeSort.c">
      <Filter>Исходные файлы</Filter>
    </ClCompile>
    <ClCompile Include="TagSort\TagSort.c">
      <Filter>Исходные файлы</Filter>
    </ClCompile>
    <ClCompile Include="OddEvenSort\OddEvenSort.c">
      <Filter>Исходные файлы</Filter>
    </ClCompile>
    <ClCompile Include="TimSort\TimSort.c">
      <Filter>Исходные файлы</Filter>
    </ClCompile>
    <ClCompile Include="BogoSort\BogoSort.c">
      <Filter>Исходные файлы</Filter>
    </ClCompile>
    <ClCompile Include="PermutationSort\PermutationSort.c">
      <Filter>Исходные файлы</Filter>
    </ClCompile>
  </ItemGroup>
  <ItemGroup>
    <ClInclude Include="BubbleSort\BubbleSort.h">
      <Filter>Файлы заголовков</Filter>
    </ClInclude>
    <ClInclude Include="SelectionSort\SelectionSort.h">
      <Filter>Файлы заголовков</Filter>
    </ClInclude>
    <ClInclude Include="Utility\Utility.h">
      <Filter>Файлы заголовков</Filter>
    </ClInclude>
    <ClInclude Include="InsertionSort\InsertionSort.h">
      <Filter>Файлы заголовков</Filter>
    </ClInclude>
    <ClInclude Include="MergeSort\MergeSort.h">
      <Filter>Файлы заголовков</Filter>
    </ClInclude>
    <ClInclude Include="QuickSort\QuickSort.h">
      <Filter>Файлы заголовков</Filter>
    </ClInclude>
    <ClInclude Include="CountingSort\CountingSort.h">
      <Filter>Файлы заголовков</Filter>
    </ClInclude>
    <ClInclude Include="RadixSort\RadixSort.h">
      <Filter>Файлы заголовков</Filter>
    </ClInclude>
    <ClInclude Include="HeapSort\HeapSort.h">
      <Filter>Файлы заголовков</Filter>
    </ClInclude>
    <ClInclude Include="ShellSort\ShellSort.h">
      <Filter>Файлы заголовков</Filter>
    </ClInclude>
    <ClInclude Include="LinearSearch\LinearSearch.h">
      <Filter>Файлы заголовков</Filter>
    </ClInclude>
    <ClInclude Include="BinarySearch\BinarySearch.h">
      <Filter>Файлы заголовков</Filter>
    </ClInclude>
    <ClInclude Include="InterpolationSearch\InterpolationSearch.h">
      <Filter>Файлы заголовков</Filter>
    </ClInclude>
    <ClInclude Include="JumpSearch\JumpSearch.h">
      <Filter>Файлы заголовков</Filter>
    </ClInclude>
    <ClInclude Include="ExponentialSearch\ExponentialSearch.h">
      <Filter>Файлы заголовков</Filter>
    </ClInclude>
    <ClInclude Include="TernarySearch\TernarySearch.h">
      <Filter>Файлы заголовков</Filter>
    </ClInclude>
    <ClInclude Include="FibonacciSearch\FibonacciSearch.h">
      <Filter>Файлы заголовков</Filter>
    </ClInclude>
    <ClInclude Include="CombSort\CombSort.h">
      <Filter>Файлы заголовков</Filter>
    </ClInclude>
    <ClInclude Include="StoogeSort\StoogeSort.h">
      <Filter>Файлы заголовков</Filter>
    </ClInclude>
    <ClInclude Include="CocktailSort\CocktailSort.h">
      <Filter>Файлы заголовков</Filter>
    </ClInclude>
    <ClInclude Include="PancakeSort\PancakeSort.h">
      <Filter>Файлы заголовков</Filter>
    </ClInclude>
    <ClInclude Include="CycleSort\CycleSort.h">
      <Filter>Файлы заголовков</Filter>
    </ClInclude>
    <ClInclude Include="PigeonholeSort\PigeonholeSort.h">
      <Filter>Файлы заголовков</Filter>
    </ClInclude>
    <ClInclude Include="BitonicSort\BitonicSort.h">
      <Filter>Файлы заголовков</Filter>
    </ClInclude>
    <ClInclude Include="ShellMetznerSort\ShellMetznerSort.h">
      <Filter>Файлы заголовков</Filter>
    </ClInclude>
    <ClInclude Include="GnomeSort\GnomeSort.h">
      <Filter>Файлы заголовков</Filter>
    </ClInclude>
    <ClInclude Include="TagSort\TagSort.h">
      <Filter>Файлы заголовков</Filter>
    </ClInclude>
    <ClInclude Include="OddEvenSort\OddEvenSort.h">
      <Filter>Файлы заголовков</Filter>
    </ClInclude>
    <ClInclude Include="TimSort\TimSort.h">
      <Filter>Файлы заголовков</Filter>
    </ClInclude>
    <ClInclude Include="BogoSort\BogoSort.h">
      <Filter>Файлы заголовков</Filter>
    </ClInclude>
    <ClInclude Include="PermutationSort\PermutationSort.h">
      <Filter>Файлы заголовков</Filter>
    </ClInclude>
  </ItemGroup>
</Project>